
Microsoft Visual Studio Solution File, Format Version 12.00
# Visual Studio 15
Project("{FAE04EC0-301F-11D3-BF4B-00C04F79EFBC}") = "Assembly-CSharp", "Assembly-CSharp.csproj", "{FD6F1703-4335-53EF-A8FD-BCE409E8985C}"
EndProject
Project("{FAE04EC0-301F-11D3-BF4B-00C04F79EFBC}") = "Assembly-CSharp-Editor", "Assembly-CSharp-Editor.csproj", "{652EE024-585A-28C2-6BE2-2DFD0B588359}"
EndProject
Global
	GlobalSection(SolutionConfigurationPlatforms) = preSolution
		Debug|Any CPU = Debug|Any CPU
		Release|Any CPU = Release|Any CPU
	EndGlobalSection
	GlobalSection(ProjectConfigurationPlatforms) = postSolution
		{FD6F1703-4335-53EF-A8FD-BCE409E8985C}.Debug|Any CPU.ActiveCfg = Debug|Any CPU
		{FD6F1703-4335-53EF-A8FD-BCE409E8985C}.Debug|Any CPU.Build.0 = Debug|Any CPU
		{FD6F1703-4335-53EF-A8FD-BCE409E8985C}.Release|Any CPU.ActiveCfg = Release|Any CPU
		{FD6F1703-4335-53EF-A8FD-BCE409E8985C}.Release|Any CPU.Build.0 = Release|Any CPU
		{652EE024-585A-28C2-6BE2-2DFD0B588359}.Debug|Any CPU.ActiveCfg = Debug|Any CPU
		{652EE024-585A-28C2-6BE2-2DFD0B588359}.Debug|Any CPU.Build.0 = Debug|Any CPU
		{652EE024-585A-28C2-6BE2-2DFD0B588359}.Release|Any CPU.ActiveCfg = Release|Any CPU
		{652EE024-585A-28C2-6BE2-2DFD0B588359}.Release|Any CPU.Build.0 = Release|Any CPU
	EndGlobalSection
	GlobalSection(SolutionProperties) = preSolution
		HideSolutionNode = FALSE
	EndGlobalSection
EndGlobal
